// !$*UTF8*$!
{
	archiveVersion = 1;
	classes = {
	};
	objectVersion = 48;
	objects = {

/* Begin PBXBuildFile section */
		A22F11691FF5E5B3000070A4 /* AppDelegate.swift in Sources */ = {isa = PBXBuildFile; fileRef = A22F11681FF5E5B3000070A4 /* AppDelegate.swift */; };
		A22F116B1FF5E5B3000070A4 /* ViewController.swift in Sources */ = {isa = PBXBuildFile; fileRef = A22F116A1FF5E5B3000070A4 /* ViewController.swift */; };
		A22F116E1FF5E5B3000070A4 /* Main.storyboard in Resources */ = {isa = PBXBuildFile; fileRef = A22F116C1FF5E5B3000070A4 /* Main.storyboard */; };
		A22F11701FF5E5B3000070A4 /* Assets.xcassets in Resources */ = {isa = PBXBuildFile; fileRef = A22F116F1FF5E5B3000070A4 /* Assets.xcassets */; };
		A22F11731FF5E5B3000070A4 /* LaunchScreen.storyboard in Resources */ = {isa = PBXBuildFile; fileRef = A22F11711FF5E5B3000070A4 /* LaunchScreen.storyboard */; };
		A22F117E1FF5E5B4000070A4 /* FoodTrackerTests.swift in Sources */ = {isa = PBXBuildFile; fileRef = A22F117D1FF5E5B4000070A4 /* FoodTrackerTests.swift */; };
		A22F11891FF5E5B4000070A4 /* FoodTrackerUITests.swift in Sources */ = {isa = PBXBuildFile; fileRef = A22F11881FF5E5B4000070A4 /* FoodTrackerUITests.swift */; };
/* End PBXBuildFile section */

/* Begin PBXContainerItemProxy section */
		A22F117A1FF5E5B4000070A4 /* PBXContainerItemProxy */ = {
			isa = PBXContainerItemProxy;
			containerPortal = A22F115D1FF5E5B3000070A4 /* Project object */;
			proxyType = 1;
			remoteGlobalIDString = A22F11641FF5E5B3000070A4;
			remoteInfo = FoodTracker;
		};
		A22F11851FF5E5B4000070A4 /* PBXContainerItemProxy */ = {
			isa = PBXContainerItemProxy;
			containerPortal = A22F115D1FF5E5B3000070A4 /* Project object */;
			proxyType = 1;
			remoteGlobalIDString = A22F11641FF5E5B3000070A4;
			remoteInfo = FoodTracker;
		};
/* End PBXContainerItemProxy section */

/* Begin PBXFileReference section */
		A22F11651FF5E5B3000070A4 /* FoodTracker.app */ = {isa = PBXFileReference; explicitFileType = wrapper.application; includeInIndex = 0; path = FoodTracker.app; sourceTree = BUILT_PRODUCTS_DIR; };
		A22F11681FF5E5B3000070A4 /* AppDelegate.swift */ = {isa = PBXFileReference; lastKnownFileType = sourcecode.swift; path = AppDelegate.swift; sourceTree = "<group>"; };
		A22F116A1FF5E5B3000070A4 /* ViewController.swift */ = {isa = PBXFileReference; lastKnownFileType = sourcecode.swift; path = ViewController.swift; sourceTree = "<group>"; };
		A22F116D1FF5E5B3000070A4 /* Base */ = {isa = PBXFileReference; lastKnownFileType = file.storyboard; name = Base; path = Base.lproj/Main.storyboard; sourceTree = "<group>"; };
		A22F116F1FF5E5B3000070A4 /* Assets.xcassets */ = {isa = PBXFileReference; lastKnownFileType = folder.assetcatalog; path = Assets.xcassets; sourceTree = "<group>"; };
		A22F11721FF5E5B3000070A4 /* Base */ = {isa = PBXFileReference; lastKnownFileType = file.storyboard; name = Base; path = Base.lproj/LaunchScreen.storyboard; sourceTree = "<group>"; };
		A22F11741FF5E5B3000070A4 /* Info.plist */ = {isa = PBXFileReference; lastKnownFileType = text.plist.xml; path = Info.plist; sourceTree = "<group>"; };
		A22F11791FF5E5B4000070A4 /* FoodTrackerTests.xctest */ = {isa = PBXFileReference; explicitFileType = wrapper.cfbundle; includeInIndex = 0; path = FoodTrackerTests.xctest; sourceTree = BUILT_PRODUCTS_DIR; };
		A22F117D1FF5E5B4000070A4 /* FoodTrackerTests.swift */ = {isa = PBXFileReference; lastKnownFileType = sourcecode.swift; path = FoodTrackerTests.swift; sourceTree = "<group>"; };
		A22F117F1FF5E5B4000070A4 /* Info.plist */ = {isa = PBXFileReference; lastKnownFileType = text.plist.xml; path = Info.plist; sourceTree = "<group>"; };
		A22F11841FF5E5B4000070A4 /* FoodTrackerUITests.xctest */ = {isa = PBXFileReference; explicitFileType = wrapper.cfbundle; includeInIndex = 0; path = FoodTrackerUITests.xctest; sourceTree = BUILT_PRODUCTS_DIR; };
		A22F11881FF5E5B4000070A4 /* FoodTrackerUITests.swift */ = {isa = PBXFileReference; lastKnownFileType = sourcecode.swift; path = FoodTrackerUITests.swift; sourceTree = "<group>"; };
		A22F118A1FF5E5B4000070A4 /* Info.plist */ = {isa = PBXFileReference; lastKnownFileType = text.plist.xml; path = Info.plist; sourceTree = "<group>"; };
/* End PBXFileReference section */

/* Begin PBXFrameworksBuildPhase section */
		A22F11621FF5E5B3000070A4 /* Frameworks */ = {
			isa = PBXFrameworksBuildPhase;
			buildActionMask = 2147483647;
			files = (
			);
			runOnlyForDeploymentPostprocessing = 0;
		};
		A22F11761FF5E5B4000070A4 /* Frameworks */ = {
			isa = PBXFrameworksBuildPhase;
			buildActionMask = 2147483647;
			files = (
			);
			runOnlyForDeploymentPostprocessing = 0;
		};
		A22F11811FF5E5B4000070A4 /* Frameworks */ = {
			isa = PBXFrameworksBuildPhase;
			buildActionMask = 2147483647;
			files = (
			);
			runOnlyForDeploymentPostprocessing = 0;
		};
/* End PBXFrameworksBuildPhase section */

/* Begin PBXGroup section */
		A22F115C1FF5E5B3000070A4 = {
			isa = PBXGroup;
			children = (
				A22F11671FF5E5B3000070A4 /* FoodTracker */,
				A22F117C1FF5E5B4000070A4 /* FoodTrackerTests */,
				A22F11871FF5E5B4000070A4 /* FoodTrackerUITests */,
				A22F11661FF5E5B3000070A4 /* Products */,
			);
			sourceTree = "<group>";
		};
		A22F11661FF5E5B3000070A4 /* Products */ = {
			isa = PBXGroup;
			children = (
				A22F11651FF5E5B3000070A4 /* FoodTracker.app */,
				A22F11791FF5E5B4000070A4 /* FoodTrackerTests.xctest */,
				A22F11841FF5E5B4000070A4 /* FoodTrackerUITests.xctest */,
			);
			name = Products;
			sourceTree = "<group>";
		};
		A22F11671FF5E5B3000070A4 /* FoodTracker */ = {
			isa = PBXGroup;
			children = (
				A22F11681FF5E5B3000070A4 /* AppDelegate.swift */,
				A22F116A1FF5E5B3000070A4 /* ViewController.swift */,
				A22F116C1FF5E5B3000070A4 /* Main.storyboard */,
				A22F116F1FF5E5B3000070A4 /* Assets.xcassets */,
				A22F11711FF5E5B3000070A4 /* LaunchScreen.storyboard */,
				A22F11741FF5E5B3000070A4 /* Info.plist */,
			);
			path = FoodTracker;
			sourceTree = "<group>";
		};
		A22F117C1FF5E5B4000070A4 /* FoodTrackerTests */ = {
			isa = PBXGroup;
			children = (
				A22F117D1FF5E5B4000070A4 /* FoodTrackerTests.swift */,
				A22F117F1FF5E5B4000070A4 /* Info.plist */,
			);
			path = FoodTrackerTests;
			sourceTree = "<group>";
		};
		A22F11871FF5E5B4000070A4 /* FoodTrackerUITests */ = {
			isa = PBXGroup;
			children = (
				A22F11881FF5E5B4000070A4 /* FoodTrackerUITests.swift */,
				A22F118A1FF5E5B4000070A4 /* Info.plist */,
			);
			path = FoodTrackerUITests;
			sourceTree = "<group>";
		};
/* End PBXGroup section */

/* Begin PBXNativeTarget section */
		A22F11641FF5E5B3000070A4 /* FoodTracker */ = {
			isa = PBXNativeTarget;
			buildConfigurationList = A22F118D1FF5E5B4000070A4 /* Build configuration list for PBXNativeTarget "FoodTracker" */;
			buildPhases = (
				A22F11611FF5E5B3000070A4 /* Sources */,
				A22F11621FF5E5B3000070A4 /* Frameworks */,
				A22F11631FF5E5B3000070A4 /* Resources */,
			);
			buildRules = (
			);
			dependencies = (
			);
			name = FoodTracker;
			productName = FoodTracker;
			productReference = A22F11651FF5E5B3000070A4 /* FoodTracker.app */;
			productType = "com.apple.product-type.application";
		};
		A22F11781FF5E5B4000070A4 /* FoodTrackerTests */ = {
			isa = PBXNativeTarget;
			buildConfigurationList = A22F11901FF5E5B4000070A4 /* Build configuration list for PBXNativeTarget "FoodTrackerTests" */;
			buildPhases = (
				A22F11751FF5E5B4000070A4 /* Sources */,
				A22F11761FF5E5B4000070A4 /* Frameworks */,
				A22F11771FF5E5B4000070A4 /* Resources */,
			);
			buildRules = (
			);
			dependencies = (
				A22F117B1FF5E5B4000070A4 /* PBXTargetDependency */,
			);
			name = FoodTrackerTests;
			productName = FoodTrackerTests;
			productReference = A22F11791FF5E5B4000070A4 /* FoodTrackerTests.xctest */;
			productType = "com.apple.product-type.bundle.unit-test";
		};
		A22F11831FF5E5B4000070A4 /* FoodTrackerUITests */ = {
			isa = PBXNativeTarget;
			buildConfigurationList = A22F11931FF5E5B4000070A4 /* Build configuration list for PBXNativeTarget "FoodTrackerUITests" */;
			buildPhases = (
				A22F11801FF5E5B4000070A4 /* Sources */,
				A22F11811FF5E5B4000070A4 /* Frameworks */,
				A22F11821FF5E5B4000070A4 /* Resources */,
			);
			buildRules = (
			);
			dependencies = (
				A22F11861FF5E5B4000070A4 /* PBXTargetDependency */,
			);
			name = FoodTrackerUITests;
			productName = FoodTrackerUITests;
			productReference = A22F11841FF5E5B4000070A4 /* FoodTrackerUITests.xctest */;
			productType = "com.apple.product-type.bundle.ui-testing";
		};
/* End PBXNativeTarget section */

/* Begin PBXProject section */
		A22F115D1FF5E5B3000070A4 /* Project object */ = {
			isa = PBXProject;
			attributes = {
				LastSwiftUpdateCheck = 0920;
				LastUpgradeCheck = 0920;
				ORGANIZATIONNAME = "Kelly Barber";
				TargetAttributes = {
					A22F11641FF5E5B3000070A4 = {
						CreatedOnToolsVersion = 9.2;
						ProvisioningStyle = Automatic;
					};
					A22F11781FF5E5B4000070A4 = {
						CreatedOnToolsVersion = 9.2;
						ProvisioningStyle = Automatic;
						TestTargetID = A22F11641FF5E5B3000070A4;
					};
					A22F11831FF5E5B4000070A4 = {
						CreatedOnToolsVersion = 9.2;
						ProvisioningStyle = Automatic;
						TestTargetID = A22F11641FF5E5B3000070A4;
					};
				};
			};
			buildConfigurationList = A22F11601FF5E5B3000070A4 /* Build configuration list for PBXProject "FoodTracker" */;
			compatibilityVersion = "Xcode 8.0";
			developmentRegion = en;
			hasScannedForEncodings = 0;
			knownRegions = (
				en,
				Base,
			);
			mainGroup = A22F115C1FF5E5B3000070A4;
			productRefGroup = A22F11661FF5E5B3000070A4 /* Products */;
			projectDirPath = "";
			projectRoot = "";
			targets = (
				A22F11641FF5E5B3000070A4 /* FoodTracker */,
				A22F11781FF5E5B4000070A4 /* FoodTrackerTests */,
				A22F11831FF5E5B4000070A4 /* FoodTrackerUITests */,
			);
		};
/* End PBXProject section */

/* Begin PBXResourcesBuildPhase section */
		A22F11631FF5E5B3000070A4 /* Resources */ = {
			isa = PBXResourcesBuildPhase;
			buildActionMask = 2147483647;
			files = (
				A22F11731FF5E5B3000070A4 /* LaunchScreen.storyboard in Resources */,
				A22F11701FF5E5B3000070A4 /* Assets.xcassets in Resources */,
				A22F116E1FF5E5B3000070A4 /* Main.storyboard in Resources */,
			);
			runOnlyForDeploymentPostprocessing = 0;
		};
		A22F11771FF5E5B4000070A4 /* Resources */ = {
			isa = PBXResourcesBuildPhase;
			buildActionMask = 2147483647;
			files = (
			);
			runOnlyForDeploymentPostprocessing = 0;
		};
		A22F11821FF5E5B4000070A4 /* Resources */ = {
			isa = PBXResourcesBuildPhase;
			buildActionMask = 2147483647;
			files = (
			);
			runOnlyForDeploymentPostprocessing = 0;
		};
/* End PBXResourcesBuildPhase section */

/* Begin PBXSourcesBuildPhase section */
		A22F11611FF5E5B3000070A4 /* Sources */ = {
			isa = PBXSourcesBuildPhase;
			buildActionMask = 2147483647;
			files = (
				A22F116B1FF5E5B3000070A4 /* ViewController.swift in Sources */,
				A22F11691FF5E5B3000070A4 /* AppDelegate.swift in Sources */,
			);
			runOnlyForDeploymentPostprocessing = 0;
		};
		A22F11751FF5E5B4000070A4 /* Sources */ = {
			isa = PBXSourcesBuildPhase;
			buildActionMask = 2147483647;
			files = (
				A22F117E1FF5E5B4000070A4 /* FoodTrackerTests.swift in Sources */,
			);
			runOnlyForDeploymentPostprocessing = 0;
		};
		A22F11801FF5E5B4000070A4 /* Sources */ = {
			isa = PBXSourcesBuildPhase;
			buildActionMask = 2147483647;
			files = (
				A22F11891FF5E5B4000070A4 /* FoodTrackerUITests.swift in Sources */,
			);
			runOnlyForDeploymentPostprocessing = 0;
		};
/* End PBXSourcesBuildPhase section */

/* Begin PBXTargetDependency section */
		A22F117B1FF5E5B4000070A4 /* PBXTargetDependency */ = {
			isa = PBXTargetDependency;
			target = A22F11641FF5E5B3000070A4 /* FoodTracker */;
			targetProxy = A22F117A1FF5E5B4000070A4 /* PBXContainerItemProxy */;
		};
		A22F11861FF5E5B4000070A4 /* PBXTargetDependency */ = {
			isa = PBXTargetDependency;
			target = A22F11641FF5E5B3000070A4 /* FoodTracker */;
			targetProxy = A22F11851FF5E5B4000070A4 /* PBXContainerItemProxy */;
		};
/* End PBXTargetDependency section */

/* Begin PBXVariantGroup section */
		A22F116C1FF5E5B3000070A4 /* Main.storyboard */ = {
			isa = PBXVariantGroup;
			children = (
				A22F116D1FF5E5B3000070A4 /* Base */,
			);
			name = Main.storyboard;
			sourceTree = "<group>";
		};
		A22F11711FF5E5B3000070A4 /* LaunchScreen.storyboard */ = {
			isa = PBXVariantGroup;
			children = (
				A22F11721FF5E5B3000070A4 /* Base */,
			);
			name = LaunchScreen.storyboard;
			sourceTree = "<group>";
		};
/* End PBXVariantGroup section */

/* Begin XCBuildConfiguration section */
		A22F118B1FF5E5B4000070A4 /* Debug */ = {
			isa = XCBuildConfiguration;
			buildSettings = {
				ALWAYS_SEARCH_USER_PATHS = NO;
				CLANG_ANALYZER_NONNULL = YES;
				CLANG_ANALYZER_NUMBER_OBJECT_CONVERSION = YES_AGGRESSIVE;
				CLANG_CXX_LANGUAGE_STANDARD = "gnu++14";
				CLANG_CXX_LIBRARY = "libc++";
				CLANG_ENABLE_MODULES = YES;
				CLANG_ENABLE_OBJC_ARC = YES;
				CLANG_WARN_BLOCK_CAPTURE_AUTORELEASING = YES;
				CLANG_WARN_BOOL_CONVERSION = YES;
				CLANG_WARN_COMMA = YES;
				CLANG_WARN_CONSTANT_CONVERSION = YES;
				CLANG_WARN_DIRECT_OBJC_ISA_USAGE = YES_ERROR;
				CLANG_WARN_DOCUMENTATION_COMMENTS = YES;
				CLANG_WARN_EMPTY_BODY = YES;
				CLANG_WARN_ENUM_CONVERSION = YES;
				CLANG_WARN_INFINITE_RECURSION = YES;
				CLANG_WARN_INT_CONVERSION = YES;
				CLANG_WARN_NON_LITERAL_NULL_CONVERSION = YES;
				CLANG_WARN_OBJC_LITERAL_CONVERSION = YES;
				CLANG_WARN_OBJC_ROOT_CLASS = YES_ERROR;
				CLANG_WARN_RANGE_LOOP_ANALYSIS = YES;
				CLANG_WARN_STRICT_PROTOTYPES = YES;
				CLANG_WARN_SUSPICIOUS_MOVE = YES;
				CLANG_WARN_UNGUARDED_AVAILABILITY = YES_AGGRESSIVE;
				CLANG_WARN_UNREACHABLE_CODE = YES;
				CLANG_WARN__DUPLICATE_METHOD_MATCH = YES;
				CODE_SIGN_IDENTITY = "iPhone Developer";
				COPY_PHASE_STRIP = NO;
				DEBUG_INFORMATION_FORMAT = dwarf;
				ENABLE_STRICT_OBJC_MSGSEND = YES;
				ENABLE_TESTABILITY = YES;
				GCC_C_LANGUAGE_STANDARD = gnu11;
				GCC_DYNAMIC_NO_PIC = NO;
				GCC_NO_COMMON_BLOCKS = YES;
				GCC_OPTIMIZATION_LEVEL = 0;
				GCC_PREPROCESSOR_DEFINITIONS = (
					"DEBUG=1",
					"$(inherited)",
				);
				GCC_WARN_64_TO_32_BIT_CONVERSION = YES;
				GCC_WARN_ABOUT_RETURN_TYPE = YES_ERROR;
				GCC_WARN_UNDECLARED_SELECTOR = YES;
				GCC_WARN_UNINITIALIZED_AUTOS = YES_AGGRESSIVE;
				GCC_WARN_UNUSED_FUNCTION = YES;
				GCC_WARN_UNUSED_VARIABLE = YES;
				IPHONEOS_DEPLOYMENT_TARGET = 11.2;
				MTL_ENABLE_DEBUG_INFO = YES;
				ONLY_ACTIVE_ARCH = YES;
				SDKROOT = iphoneos;
				SWIFT_ACTIVE_COMPILATION_CONDITIONS = DEBUG;
				SWIFT_OPTIMIZATION_LEVEL = "-Onone";
			};
			name = Debug;
		};
		A22F118C1FF5E5B4000070A4 /* Release */ = {
			isa = XCBuildConfiguration;
			buildSettings = {
				ALWAYS_SEARCH_USER_PATHS = NO;
				CLANG_ANALYZER_NONNULL = YES;
				CLANG_ANALYZER_NUMBER_OBJECT_CONVERSION = YES_AGGRESSIVE;
				CLANG_CXX_LANGUAGE_STANDARD = "gnu++14";
				CLANG_CXX_LIBRARY = "libc++";
				CLANG_ENABLE_MODULES = YES;
				CLANG_ENABLE_OBJC_ARC = YES;
				CLANG_WARN_BLOCK_CAPTURE_AUTORELEASING = YES;
				CLANG_WARN_BOOL_CONVERSION = YES;
				CLANG_WARN_COMMA = YES;
				CLANG_WARN_CONSTANT_CONVERSION = YES;
				CLANG_WARN_DIRECT_OBJC_ISA_USAGE = YES_ERROR;
				CLANG_WARN_DOCUMENTATION_COMMENTS = YES;
				CLANG_WARN_EMPTY_BODY = YES;
				CLANG_WARN_ENUM_CONVERSION = YES;
				CLANG_WARN_INFINITE_RECURSION = YES;
				CLANG_WARN_INT_CONVERSION = YES;
				CLANG_WARN_NON_LITERAL_NULL_CONVERSION = YES;
				CLANG_WARN_OBJC_LITERAL_CONVERSION = YES;
				CLANG_WARN_OBJC_ROOT_CLASS = YES_ERROR;
				CLANG_WARN_RANGE_LOOP_ANALYSIS = YES;
				CLANG_WARN_STRICT_PROTOTYPES = YES;
				CLANG_WARN_SUSPICIOUS_MOVE = YES;
				CLANG_WARN_UNGUARDED_AVAILABILITY = YES_AGGRESSIVE;
				CLANG_WARN_UNREACHABLE_CODE = YES;
				CLANG_WARN__DUPLICATE_METHOD_MATCH = YES;
				CODE_SIGN_IDENTITY = "iPhone Developer";
				COPY_PHASE_STRIP = NO;
				DEBUG_INFORMATION_FORMAT = "dwarf-with-dsym";
				ENABLE_NS_ASSERTIONS = NO;
				ENABLE_STRICT_OBJC_MSGSEND = YES;
				GCC_C_LANGUAGE_STANDARD = gnu11;
				GCC_NO_COMMON_BLOCKS = YES;
				GCC_WARN_64_TO_32_BIT_CONVERSION = YES;
				GCC_WARN_ABOUT_RETURN_TYPE = YES_ERROR;
				GCC_WARN_UNDECLARED_SELECTOR = YES;
				GCC_WARN_UNINITIALIZED_AUTOS = YES_AGGRESSIVE;
				GCC_WARN_UNUSED_FUNCTION = YES;
				GCC_WARN_UNUSED_VARIABLE = YES;
				IPHONEOS_DEPLOYMENT_TARGET = 11.2;
				MTL_ENABLE_DEBUG_INFO = NO;
				SDKROOT = iphoneos;
				SWIFT_OPTIMIZATION_LEVEL = "-Owholemodule";
				VALIDATE_PRODUCT = YES;
			};
			name = Release;
		};
		A22F118E1FF5E5B4000070A4 /* Debug */ = {
			isa = XCBuildConfiguration;
			buildSettings = {
				ASSETCATALOG_COMPILER_APPICON_NAME = AppIcon;
				CODE_SIGN_STYLE = Automatic;
				INFOPLIST_FILE = FoodTracker/Info.plist;
				LD_RUNPATH_SEARCH_PATHS = "$(inherited) @executable_path/Frameworks";
				PRODUCT_BUNDLE_IDENTIFIER = com.example.FoodTracker;
				PRODUCT_NAME = "$(TARGET_NAME)";
				SWIFT_VERSION = 4.0;
				TARGETED_DEVICE_FAMILY = "1,2";
			};
			name = Debug;
		};
		A22F118F1FF5E5B4000070A4 /* Release */ = {
			isa = XCBuildConfiguration;
			buildSettings = {
				ASSETCATALOG_COMPILER_APPICON_NAME = AppIcon;
				CODE_SIGN_STYLE = Automatic;
				INFOPLIST_FILE = FoodTracker/Info.plist;
				LD_RUNPATH_SEARCH_PATHS = "$(inherited) @executable_path/Frameworks";
				PRODUCT_BUNDLE_IDENTIFIER = com.example.FoodTracker;
				PRODUCT_NAME = "$(TARGET_NAME)";
				SWIFT_VERSION = 4.0;
				TARGETED_DEVICE_FAMILY = "1,2";
			};
			name = Release;
		};
		A22F11911FF5E5B4000070A4 /* Debug */ = {
			isa = XCBuildConfiguration;
			buildSettings = {
				ALWAYS_EMBED_SWIFT_STANDARD_LIBRARIES = YES;
				BUNDLE_LOADER = "$(TEST_HOST)";
				CODE_SIGN_STYLE = Automatic;
				INFOPLIST_FILE = FoodTrackerTests/Info.plist;
				LD_RUNPATH_SEARCH_PATHS = "$(inherited) @executable_path/Frameworks @loader_path/Frameworks";
				PRODUCT_BUNDLE_IDENTIFIER = com.example.FoodTrackerTests;
				PRODUCT_NAME = "$(TARGET_NAME)";
				SWIFT_VERSION = 4.0;
				TARGETED_DEVICE_FAMILY = "1,2";
				TEST_HOST = "$(BUILT_PRODUCTS_DIR)/FoodTracker.app/FoodTracker";
			};
			name = Debug;
		};
		A22F11921FF5E5B4000070A4 /* Release */ = {
			isa = XCBuildConfiguration;
			buildSettings = {
				ALWAYS_EMBED_SWIFT_STANDARD_LIBRARIES = YES;
				BUNDLE_LOADER = "$(TEST_HOST)";
				CODE_SIGN_STYLE = Automatic;
				INFOPLIST_FILE = FoodTrackerTests/Info.plist;
				LD_RUNPATH_SEARCH_PATHS = "$(inherited) @executable_path/Frameworks @loader_path/Frameworks";
				PRODUCT_BUNDLE_IDENTIFIER = com.example.FoodTrackerTests;
				PRODUCT_NAME = "$(TARGET_NAME)";
				SWIFT_VERSION = 4.0;
				TARGETED_DEVICE_FAMILY = "1,2";
				TEST_HOST = "$(BUILT_PRODUCTS_DIR)/FoodTracker.app/FoodTracker";
			};
			name = Release;
		};
		A22F11941FF5E5B4000070A4 /* Debug */ = {
			isa = XCBuildConfiguration;
			buildSettings = {
				ALWAYS_EMBED_SWIFT_STANDARD_LIBRARIES = YES;
				CODE_SIGN_STYLE = Automatic;
				INFOPLIST_FILE = FoodTrackerUITests/Info.plist;
				LD_RUNPATH_SEARCH_PATHS = "$(inherited) @executable_path/Frameworks @loader_path/Frameworks";
				PRODUCT_BUNDLE_IDENTIFIER = com.example.FoodTrackerUITests;
				PRODUCT_NAME = "$(TARGET_NAME)";
				SWIFT_VERSION = 4.0;
				TARGETED_DEVICE_FAMILY = "1,2";
				TEST_TARGET_NAME = FoodTracker;
			};
			name = Debug;
		};
		A22F11951FF5E5B4000070A4 /* Release */ = {
			isa = XCBuildConfiguration;
			buildSettings = {
				ALWAYS_EMBED_SWIFT_STANDARD_LIBRARIES = YES;
				CODE_SIGN_STYLE = Automatic;
				INFOPLIST_FILE = FoodTrackerUITests/Info.plist;
				LD_RUNPATH_SEARCH_PATHS = "$(inherited) @executable_path/Frameworks @loader_path/Frameworks";
				PRODUCT_BUNDLE_IDENTIFIER = com.example.FoodTrackerUITests;
				PRODUCT_NAME = "$(TARGET_NAME)";
				SWIFT_VERSION = 4.0;
				TARGETED_DEVICE_FAMILY = "1,2";
				TEST_TARGET_NAME = FoodTracker;
			};
			name = Release;
		};
/* End XCBuildConfiguration section */

/* Begin XCConfigurationList section */
		A22F11601FF5E5B3000070A4 /* Build configuration list for PBXProject "FoodTracker" */ = {
			isa = XCConfigurationList;
			buildConfigurations = (
				A22F118B1FF5E5B4000070A4 /* Debug */,
				A22F118C1FF5E5B4000070A4 /* Release */,
			);
			defaultConfigurationIsVisible = 0;
			defaultConfigurationName = Release;
		};
		A22F118D1FF5E5B4000070A4 /* Build configuration list for PBXNativeTarget "FoodTracker" */ = {
			isa = XCConfigurationList;
			buildConfigurations = (
				A22F118E1FF5E5B4000070A4 /* Debug */,
				A22F118F1FF5E5B4000070A4 /* Release */,
			);
			defaultConfigurationIsVisible = 0;
			defaultConfigurationName = Release;
		};
		A22F11901FF5E5B4000070A4 /* Build configuration list for PBXNativeTarget "FoodTrackerTests" */ = {
			isa = XCConfigurationList;
			buildConfigurations = (
				A22F11911FF5E5B4000070A4 /* Debug */,
				A22F11921FF5E5B4000070A4 /* Release */,
			);
			defaultConfigurationIsVisible = 0;
			defaultConfigurationName = Release;
		};
		A22F11931FF5E5B4000070A4 /* Build configuration list for PBXNativeTarget "FoodTrackerUITests" */ = {
			isa = XCConfigurationList;
			buildConfigurations = (
				A22F11941FF5E5B4000070A4 /* Debug */,
				A22F11951FF5E5B4000070A4 /* Release */,
			);
			defaultConfigurationIsVisible = 0;
			defaultConfigurationName = Release;
		};
/* End XCConfigurationList section */
	};
	rootObject = A22F115D1FF5E5B3000070A4 /* Project object */;
}
